// !$*UTF8*$!
{
	archiveVersion = 1;
	classes = {
	};
	objectVersion = 50;
	objects = {

/* Begin PBXBuildFile section */
		19551FC4BA64F1C1F07F253E /* Pods_Norris_iO.framework in Frameworks */ = {isa = PBXBuildFile; fileRef = C021C4E91754084BD6038AE2 /* Pods_Norris_iO.framework */; };
		7479A91CF3A763F4AAFD80A0 /* Pods_Norris_iOTests.framework in Frameworks */ = {isa = PBXBuildFile; fileRef = 72DCD34242F8B7D1FD4C79F6 /* Pods_Norris_iOTests.framework */; };
		A7449EA62222FB6B00924655 /* UIColor+Extension.swift in Sources */ = {isa = PBXBuildFile; fileRef = A7449EA52222FB6B00924655 /* UIColor+Extension.swift */; };
		A747C78D2219B61B0060FE73 /* CategoryListViewModel.swift in Sources */ = {isa = PBXBuildFile; fileRef = A747C78C2219B61B0060FE73 /* CategoryListViewModel.swift */; };
		A747C7912219B7E80060FE73 /* JokesDataManager.swift in Sources */ = {isa = PBXBuildFile; fileRef = A747C7902219B7E80060FE73 /* JokesDataManager.swift */; };
		A747C7932219B7FF0060FE73 /* BaseDataManager.swift in Sources */ = {isa = PBXBuildFile; fileRef = A747C7922219B7FF0060FE73 /* BaseDataManager.swift */; };
		A747C7952219BDCD0060FE73 /* Joke.swift in Sources */ = {isa = PBXBuildFile; fileRef = A747C7942219BDCD0060FE73 /* Joke.swift */; };
		A747C7982219C1390060FE73 /* Result.swift in Sources */ = {isa = PBXBuildFile; fileRef = A747C7972219C1390060FE73 /* Result.swift */; };
		A747C79A221A02080060FE73 /* BaseViewModel.swift in Sources */ = {isa = PBXBuildFile; fileRef = A747C799221A02080060FE73 /* BaseViewModel.swift */; };
		A747C79C221A0A4F0060FE73 /* Category.swift in Sources */ = {isa = PBXBuildFile; fileRef = A747C79B221A0A4F0060FE73 /* Category.swift */; };
		A747C79E221A0F530060FE73 /* JokeForCategoryViewController.swift in Sources */ = {isa = PBXBuildFile; fileRef = A747C79D221A0F530060FE73 /* JokeForCategoryViewController.swift */; };
		A781BB182216525B004184DD /* ChuckNorrisAPI.swift in Sources */ = {isa = PBXBuildFile; fileRef = A781BB172216525B004184DD /* ChuckNorrisAPI.swift */; };
		A781BB1D22166247004184DD /* CategoryTableViewCell.swift in Sources */ = {isa = PBXBuildFile; fileRef = A781BB1B22166247004184DD /* CategoryTableViewCell.swift */; };
		A781BB1E22166247004184DD /* CategoryTableViewCell.xib in Resources */ = {isa = PBXBuildFile; fileRef = A781BB1C22166247004184DD /* CategoryTableViewCell.xib */; };
		A781BB2122166321004184DD /* UITableView+Register.swift in Sources */ = {isa = PBXBuildFile; fileRef = A781BB2022166321004184DD /* UITableView+Register.swift */; };
		A7B9102822163E4A0073696B /* AppDelegate.swift in Sources */ = {isa = PBXBuildFile; fileRef = A7B9102722163E4A0073696B /* AppDelegate.swift */; };
		A7B9102A22163E4A0073696B /* CategoryListViewController.swift in Sources */ = {isa = PBXBuildFile; fileRef = A7B9102922163E4A0073696B /* CategoryListViewController.swift */; };
		A7B9102F22163E4C0073696B /* Assets.xcassets in Resources */ = {isa = PBXBuildFile; fileRef = A7B9102E22163E4C0073696B /* Assets.xcassets */; };
		A7B9103222163E4C0073696B /* LaunchScreen.storyboard in Resources */ = {isa = PBXBuildFile; fileRef = A7B9103022163E4C0073696B /* LaunchScreen.storyboard */; };
		A7B9103D22163E4C0073696B /* Norris_iOTests.swift in Sources */ = {isa = PBXBuildFile; fileRef = A7B9103C22163E4C0073696B /* Norris_iOTests.swift */; };
		A7B9104822163E4C0073696B /* Norris_iOUITests.swift in Sources */ = {isa = PBXBuildFile; fileRef = A7B9104722163E4C0073696B /* Norris_iOUITests.swift */; };
		A7B91057221640B70073696B /* ApplicationCoordinator.swift in Sources */ = {isa = PBXBuildFile; fileRef = A7B91056221640B70073696B /* ApplicationCoordinator.swift */; };
		A7B91059221640CB0073696B /* Coordinator.swift in Sources */ = {isa = PBXBuildFile; fileRef = A7B91058221640CB0073696B /* Coordinator.swift */; };
		A7D7C2AF221C2C48001D6F3D /* JokeForCategoryViewModel.swift in Sources */ = {isa = PBXBuildFile; fileRef = A7D7C2AE221C2C48001D6F3D /* JokeForCategoryViewModel.swift */; };
		A7D7C2B1221C6838001D6F3D /* UIImageView+NetworkLoading.swift in Sources */ = {isa = PBXBuildFile; fileRef = A7D7C2B0221C6838001D6F3D /* UIImageView+NetworkLoading.swift */; };
		CF15CBBA8E93F4E3BB827D7D /* Pods_Norris_iOUITests.framework in Frameworks */ = {isa = PBXBuildFile; fileRef = E4B4FE3A56C0844B9DAA9FDC /* Pods_Norris_iOUITests.framework */; };
/* End PBXBuildFile section */

/* Begin PBXContainerItemProxy section */
		A7B9103922163E4C0073696B /* PBXContainerItemProxy */ = {
			isa = PBXContainerItemProxy;
			containerPortal = A7B9101C22163E490073696B /* Project object */;
			proxyType = 1;
			remoteGlobalIDString = A7B9102322163E490073696B;
			remoteInfo = "Norris iO";
		};
		A7B9104422163E4C0073696B /* PBXContainerItemProxy */ = {
			isa = PBXContainerItemProxy;
			containerPortal = A7B9101C22163E490073696B /* Project object */;
			proxyType = 1;
			remoteGlobalIDString = A7B9102322163E490073696B;
			remoteInfo = "Norris iO";
		};
/* End PBXContainerItemProxy section */

/* Begin PBXFileReference section */
		05891D79D5A192E9BE594D59 /* Pods-Norris iOTests.debug.xcconfig */ = {isa = PBXFileReference; includeInIndex = 1; lastKnownFileType = text.xcconfig; name = "Pods-Norris iOTests.debug.xcconfig"; path = "Pods/Target Support Files/Pods-Norris iOTests/Pods-Norris iOTests.debug.xcconfig"; sourceTree = "<group>"; };
		310846770CFB503D55B6D67C /* Pods-Norris iOTests.release.xcconfig */ = {isa = PBXFileReference; includeInIndex = 1; lastKnownFileType = text.xcconfig; name = "Pods-Norris iOTests.release.xcconfig"; path = "Pods/Target Support Files/Pods-Norris iOTests/Pods-Norris iOTests.release.xcconfig"; sourceTree = "<group>"; };
		72DCD34242F8B7D1FD4C79F6 /* Pods_Norris_iOTests.framework */ = {isa = PBXFileReference; explicitFileType = wrapper.framework; includeInIndex = 0; path = Pods_Norris_iOTests.framework; sourceTree = BUILT_PRODUCTS_DIR; };
		A7449EA52222FB6B00924655 /* UIColor+Extension.swift */ = {isa = PBXFileReference; lastKnownFileType = sourcecode.swift; path = "UIColor+Extension.swift"; sourceTree = "<group>"; };
		A747C78C2219B61B0060FE73 /* CategoryListViewModel.swift */ = {isa = PBXFileReference; lastKnownFileType = sourcecode.swift; path = CategoryListViewModel.swift; sourceTree = "<group>"; };
		A747C7902219B7E80060FE73 /* JokesDataManager.swift */ = {isa = PBXFileReference; lastKnownFileType = sourcecode.swift; path = JokesDataManager.swift; sourceTree = "<group>"; };
		A747C7922219B7FF0060FE73 /* BaseDataManager.swift */ = {isa = PBXFileReference; lastKnownFileType = sourcecode.swift; path = BaseDataManager.swift; sourceTree = "<group>"; };
		A747C7942219BDCD0060FE73 /* Joke.swift */ = {isa = PBXFileReference; lastKnownFileType = sourcecode.swift; path = Joke.swift; sourceTree = "<group>"; };
		A747C7972219C1390060FE73 /* Result.swift */ = {isa = PBXFileReference; lastKnownFileType = sourcecode.swift; path = Result.swift; sourceTree = "<group>"; };
		A747C799221A02080060FE73 /* BaseViewModel.swift */ = {isa = PBXFileReference; lastKnownFileType = sourcecode.swift; path = BaseViewModel.swift; sourceTree = "<group>"; };
		A747C79B221A0A4F0060FE73 /* Category.swift */ = {isa = PBXFileReference; lastKnownFileType = sourcecode.swift; path = Category.swift; sourceTree = "<group>"; };
		A747C79D221A0F530060FE73 /* JokeForCategoryViewController.swift */ = {isa = PBXFileReference; lastKnownFileType = sourcecode.swift; path = JokeForCategoryViewController.swift; sourceTree = "<group>"; };
		A781BB172216525B004184DD /* ChuckNorrisAPI.swift */ = {isa = PBXFileReference; lastKnownFileType = sourcecode.swift; name = ChuckNorrisAPI.swift; path = "/Users/Leonardo/Documents/Xcode Projects/Personal Projects/Norris iO/Norris iO/Modules/Jokes/ChuckNorrisAPI.swift"; sourceTree = "<absolute>"; };
		A781BB1B22166247004184DD /* CategoryTableViewCell.swift */ = {isa = PBXFileReference; lastKnownFileType = sourcecode.swift; path = CategoryTableViewCell.swift; sourceTree = "<group>"; };
		A781BB1C22166247004184DD /* CategoryTableViewCell.xib */ = {isa = PBXFileReference; lastKnownFileType = file.xib; path = CategoryTableViewCell.xib; sourceTree = "<group>"; };
		A781BB2022166321004184DD /* UITableView+Register.swift */ = {isa = PBXFileReference; lastKnownFileType = sourcecode.swift; path = "UITableView+Register.swift"; sourceTree = "<group>"; };
		A7B9102422163E4A0073696B /* Norris iO.app */ = {isa = PBXFileReference; explicitFileType = wrapper.application; includeInIndex = 0; path = "Norris iO.app"; sourceTree = BUILT_PRODUCTS_DIR; };
		A7B9102722163E4A0073696B /* AppDelegate.swift */ = {isa = PBXFileReference; lastKnownFileType = sourcecode.swift; path = AppDelegate.swift; sourceTree = "<group>"; };
		A7B9102922163E4A0073696B /* CategoryListViewController.swift */ = {isa = PBXFileReference; lastKnownFileType = sourcecode.swift; path = CategoryListViewController.swift; sourceTree = "<group>"; };
		A7B9102E22163E4C0073696B /* Assets.xcassets */ = {isa = PBXFileReference; lastKnownFileType = folder.assetcatalog; path = Assets.xcassets; sourceTree = "<group>"; };
		A7B9103122163E4C0073696B /* Base */ = {isa = PBXFileReference; lastKnownFileType = file.storyboard; name = Base; path = Base.lproj/LaunchScreen.storyboard; sourceTree = "<group>"; };
		A7B9103322163E4C0073696B /* Info.plist */ = {isa = PBXFileReference; lastKnownFileType = text.plist.xml; path = Info.plist; sourceTree = "<group>"; };
		A7B9103822163E4C0073696B /* Norris iOTests.xctest */ = {isa = PBXFileReference; explicitFileType = wrapper.cfbundle; includeInIndex = 0; path = "Norris iOTests.xctest"; sourceTree = BUILT_PRODUCTS_DIR; };
		A7B9103C22163E4C0073696B /* Norris_iOTests.swift */ = {isa = PBXFileReference; lastKnownFileType = sourcecode.swift; path = Norris_iOTests.swift; sourceTree = "<group>"; };
		A7B9103E22163E4C0073696B /* Info.plist */ = {isa = PBXFileReference; lastKnownFileType = text.plist.xml; path = Info.plist; sourceTree = "<group>"; };
		A7B9104322163E4C0073696B /* Norris iOUITests.xctest */ = {isa = PBXFileReference; explicitFileType = wrapper.cfbundle; includeInIndex = 0; path = "Norris iOUITests.xctest"; sourceTree = BUILT_PRODUCTS_DIR; };
		A7B9104722163E4C0073696B /* Norris_iOUITests.swift */ = {isa = PBXFileReference; lastKnownFileType = sourcecode.swift; path = Norris_iOUITests.swift; sourceTree = "<group>"; };
		A7B9104922163E4C0073696B /* Info.plist */ = {isa = PBXFileReference; lastKnownFileType = text.plist.xml; path = Info.plist; sourceTree = "<group>"; };
		A7B91056221640B70073696B /* ApplicationCoordinator.swift */ = {isa = PBXFileReference; lastKnownFileType = sourcecode.swift; path = ApplicationCoordinator.swift; sourceTree = "<group>"; };
		A7B91058221640CB0073696B /* Coordinator.swift */ = {isa = PBXFileReference; lastKnownFileType = sourcecode.swift; path = Coordinator.swift; sourceTree = "<group>"; };
		A7D7C2AE221C2C48001D6F3D /* JokeForCategoryViewModel.swift */ = {isa = PBXFileReference; lastKnownFileType = sourcecode.swift; path = JokeForCategoryViewModel.swift; sourceTree = "<group>"; };
		A7D7C2B0221C6838001D6F3D /* UIImageView+NetworkLoading.swift */ = {isa = PBXFileReference; lastKnownFileType = sourcecode.swift; path = "UIImageView+NetworkLoading.swift"; sourceTree = "<group>"; };
		B988D46C6C3482BCE42CA383 /* Pods-Norris iO.debug.xcconfig */ = {isa = PBXFileReference; includeInIndex = 1; lastKnownFileType = text.xcconfig; name = "Pods-Norris iO.debug.xcconfig"; path = "Pods/Target Support Files/Pods-Norris iO/Pods-Norris iO.debug.xcconfig"; sourceTree = "<group>"; };
		C021C4E91754084BD6038AE2 /* Pods_Norris_iO.framework */ = {isa = PBXFileReference; explicitFileType = wrapper.framework; includeInIndex = 0; path = Pods_Norris_iO.framework; sourceTree = BUILT_PRODUCTS_DIR; };
		E4B4FE3A56C0844B9DAA9FDC /* Pods_Norris_iOUITests.framework */ = {isa = PBXFileReference; explicitFileType = wrapper.framework; includeInIndex = 0; path = Pods_Norris_iOUITests.framework; sourceTree = BUILT_PRODUCTS_DIR; };
		E89B6A4DDD5E9D67EB957829 /* Pods-Norris iO.release.xcconfig */ = {isa = PBXFileReference; includeInIndex = 1; lastKnownFileType = text.xcconfig; name = "Pods-Norris iO.release.xcconfig"; path = "Pods/Target Support Files/Pods-Norris iO/Pods-Norris iO.release.xcconfig"; sourceTree = "<group>"; };
		EE693372D3FEA8F9530EEC73 /* Pods-Norris iOUITests.debug.xcconfig */ = {isa = PBXFileReference; includeInIndex = 1; lastKnownFileType = text.xcconfig; name = "Pods-Norris iOUITests.debug.xcconfig"; path = "Pods/Target Support Files/Pods-Norris iOUITests/Pods-Norris iOUITests.debug.xcconfig"; sourceTree = "<group>"; };
		F8CBFFC19DFB73C472A923BD /* Pods-Norris iOUITests.release.xcconfig */ = {isa = PBXFileReference; includeInIndex = 1; lastKnownFileType = text.xcconfig; name = "Pods-Norris iOUITests.release.xcconfig"; path = "Pods/Target Support Files/Pods-Norris iOUITests/Pods-Norris iOUITests.release.xcconfig"; sourceTree = "<group>"; };
/* End PBXFileReference section */

/* Begin PBXFrameworksBuildPhase section */
		A7B9102122163E490073696B /* Frameworks */ = {
			isa = PBXFrameworksBuildPhase;
			buildActionMask = 2147483647;
			files = (
				19551FC4BA64F1C1F07F253E /* Pods_Norris_iO.framework in Frameworks */,
			);
			runOnlyForDeploymentPostprocessing = 0;
		};
		A7B9103522163E4C0073696B /* Frameworks */ = {
			isa = PBXFrameworksBuildPhase;
			buildActionMask = 2147483647;
			files = (
				7479A91CF3A763F4AAFD80A0 /* Pods_Norris_iOTests.framework in Frameworks */,
			);
			runOnlyForDeploymentPostprocessing = 0;
		};
		A7B9104022163E4C0073696B /* Frameworks */ = {
			isa = PBXFrameworksBuildPhase;
			buildActionMask = 2147483647;
			files = (
				CF15CBBA8E93F4E3BB827D7D /* Pods_Norris_iOUITests.framework in Frameworks */,
			);
			runOnlyForDeploymentPostprocessing = 0;
		};
/* End PBXFrameworksBuildPhase section */

/* Begin PBXGroup section */
		3ED85DFF4B86D64E8FC1FD2C /* Pods */ = {
			isa = PBXGroup;
			children = (
				B988D46C6C3482BCE42CA383 /* Pods-Norris iO.debug.xcconfig */,
				E89B6A4DDD5E9D67EB957829 /* Pods-Norris iO.release.xcconfig */,
				05891D79D5A192E9BE594D59 /* Pods-Norris iOTests.debug.xcconfig */,
				310846770CFB503D55B6D67C /* Pods-Norris iOTests.release.xcconfig */,
				EE693372D3FEA8F9530EEC73 /* Pods-Norris iOUITests.debug.xcconfig */,
				F8CBFFC19DFB73C472A923BD /* Pods-Norris iOUITests.release.xcconfig */,
			);
			name = Pods;
			sourceTree = "<group>";
		};
		62B614052AA9030DC496D07F /* Frameworks */ = {
			isa = PBXGroup;
			children = (
				C021C4E91754084BD6038AE2 /* Pods_Norris_iO.framework */,
				72DCD34242F8B7D1FD4C79F6 /* Pods_Norris_iOTests.framework */,
				E4B4FE3A56C0844B9DAA9FDC /* Pods_Norris_iOUITests.framework */,
			);
			name = Frameworks;
			sourceTree = "<group>";
		};
		A747C7882219B5BA0060FE73 /* Jokes */ = {
			isa = PBXGroup;
			children = (
				A747C78B2219B6020060FE73 /* ViewModel */,
				A781BB1A22166223004184DD /* View */,
				A781BB1922165277004184DD /* Model */,
			);
			path = Jokes;
			sourceTree = "<group>";
		};
		A747C7892219B5D00060FE73 /* ViewController */ = {
			isa = PBXGroup;
			children = (
				A7B9102922163E4A0073696B /* CategoryListViewController.swift */,
				A747C79D221A0F530060FE73 /* JokeForCategoryViewController.swift */,
			);
			path = ViewController;
			sourceTree = "<group>";
		};
		A747C78A2219B5DB0060FE73 /* Cell */ = {
			isa = PBXGroup;
			children = (
				A781BB1B22166247004184DD /* CategoryTableViewCell.swift */,
				A781BB1C22166247004184DD /* CategoryTableViewCell.xib */,
			);
			path = Cell;
			sourceTree = "<group>";
		};
		A747C78B2219B6020060FE73 /* ViewModel */ = {
			isa = PBXGroup;
			children = (
				A747C78C2219B61B0060FE73 /* CategoryListViewModel.swift */,
				A7D7C2AE221C2C48001D6F3D /* JokeForCategoryViewModel.swift */,
			);
			path = ViewModel;
			sourceTree = "<group>";
		};
		A747C78E2219B76C0060FE73 /* API */ = {
			isa = PBXGroup;
			children = (
				A781BB172216525B004184DD /* ChuckNorrisAPI.swift */,
			);
			path = API;
			sourceTree = "<group>";
		};
		A747C78F2219B7D40060FE73 /* DataManager */ = {
			isa = PBXGroup;
			children = (
				A747C7902219B7E80060FE73 /* JokesDataManager.swift */,
			);
			path = DataManager;
			sourceTree = "<group>";
		};
		A747C7962219C11D0060FE73 /* Model */ = {
			isa = PBXGroup;
			children = (
				A747C7972219C1390060FE73 /* Result.swift */,
			);
			path = Model;
			sourceTree = "<group>";
		};
		A781BB15221651F9004184DD /* Modules */ = {
			isa = PBXGroup;
			children = (
				A747C7882219B5BA0060FE73 /* Jokes */,
			);
			path = Modules;
			sourceTree = "<group>";
		};
		A781BB162216520A004184DD /* Project Wide */ = {
			isa = PBXGroup;
			children = (
				A747C7962219C11D0060FE73 /* Model */,
				A7B91056221640B70073696B /* ApplicationCoordinator.swift */,
				A747C7922219B7FF0060FE73 /* BaseDataManager.swift */,
				A747C799221A02080060FE73 /* BaseViewModel.swift */,
			);
			path = "Project Wide";
			sourceTree = "<group>";
		};
		A781BB1922165277004184DD /* Model */ = {
			isa = PBXGroup;
			children = (
				A747C78F2219B7D40060FE73 /* DataManager */,
				A747C78E2219B76C0060FE73 /* API */,
				A747C7942219BDCD0060FE73 /* Joke.swift */,
				A747C79B221A0A4F0060FE73 /* Category.swift */,
			);
			path = Model;
			sourceTree = "<group>";
		};
		A781BB1A22166223004184DD /* View */ = {
			isa = PBXGroup;
			children = (
				A747C78A2219B5DB0060FE73 /* Cell */,
				A747C7892219B5D00060FE73 /* ViewController */,
			);
			path = View;
			sourceTree = "<group>";
		};
		A781BB1F22166305004184DD /* Extensions */ = {
			isa = PBXGroup;
			children = (
				A781BB2022166321004184DD /* UITableView+Register.swift */,
				A7D7C2B0221C6838001D6F3D /* UIImageView+NetworkLoading.swift */,
				A7449EA52222FB6B00924655 /* UIColor+Extension.swift */,
			);
			path = Extensions;
			sourceTree = "<group>";
		};
		A7B9101B22163E490073696B = {
			isa = PBXGroup;
			children = (
				A7B9102622163E4A0073696B /* Norris iO */,
				A7B9103B22163E4C0073696B /* Norris iOTests */,
				A7B9104622163E4C0073696B /* Norris iOUITests */,
				A7B9102522163E4A0073696B /* Products */,
				3ED85DFF4B86D64E8FC1FD2C /* Pods */,
				62B614052AA9030DC496D07F /* Frameworks */,
			);
			sourceTree = "<group>";
		};
		A7B9102522163E4A0073696B /* Products */ = {
			isa = PBXGroup;
			children = (
				A7B9102422163E4A0073696B /* Norris iO.app */,
				A7B9103822163E4C0073696B /* Norris iOTests.xctest */,
				A7B9104322163E4C0073696B /* Norris iOUITests.xctest */,
			);
			name = Products;
			sourceTree = "<group>";
		};
		A7B9102622163E4A0073696B /* Norris iO */ = {
			isa = PBXGroup;
			children = (
				A781BB1F22166305004184DD /* Extensions */,
				A781BB162216520A004184DD /* Project Wide */,
				A781BB15221651F9004184DD /* Modules */,
				A7B9102722163E4A0073696B /* AppDelegate.swift */,
				A7B9102E22163E4C0073696B /* Assets.xcassets */,
				A7B9103022163E4C0073696B /* LaunchScreen.storyboard */,
				A7B9103322163E4C0073696B /* Info.plist */,
				A7B91058221640CB0073696B /* Coordinator.swift */,
			);
			path = "Norris iO";
			sourceTree = "<group>";
		};
		A7B9103B22163E4C0073696B /* Norris iOTests */ = {
			isa = PBXGroup;
			children = (
				A7B9103C22163E4C0073696B /* Norris_iOTests.swift */,
				A7B9103E22163E4C0073696B /* Info.plist */,
			);
			path = "Norris iOTests";
			sourceTree = "<group>";
		};
		A7B9104622163E4C0073696B /* Norris iOUITests */ = {
			isa = PBXGroup;
			children = (
				A7B9104722163E4C0073696B /* Norris_iOUITests.swift */,
				A7B9104922163E4C0073696B /* Info.plist */,
			);
			path = "Norris iOUITests";
			sourceTree = "<group>";
		};
/* End PBXGroup section */

/* Begin PBXNativeTarget section */
		A7B9102322163E490073696B /* Norris iO */ = {
			isa = PBXNativeTarget;
			buildConfigurationList = A7B9104C22163E4C0073696B /* Build configuration list for PBXNativeTarget "Norris iO" */;
			buildPhases = (
				314CD7C98485611B23B5CF86 /* [CP] Check Pods Manifest.lock */,
				A7B9102022163E490073696B /* Sources */,
				A7B9102122163E490073696B /* Frameworks */,
				A7B9102222163E490073696B /* Resources */,
				2F5260322591D59EA6DC9DB7 /* [CP] Embed Pods Frameworks */,
			);
			buildRules = (
			);
			dependencies = (
			);
			name = "Norris iO";
			productName = "Norris iO";
			productReference = A7B9102422163E4A0073696B /* Norris iO.app */;
			productType = "com.apple.product-type.application";
		};
		A7B9103722163E4C0073696B /* Norris iOTests */ = {
			isa = PBXNativeTarget;
			buildConfigurationList = A7B9104F22163E4C0073696B /* Build configuration list for PBXNativeTarget "Norris iOTests" */;
			buildPhases = (
				7F2C6D51D39CEA805092F8AD /* [CP] Check Pods Manifest.lock */,
				A7B9103422163E4C0073696B /* Sources */,
				A7B9103522163E4C0073696B /* Frameworks */,
				A7B9103622163E4C0073696B /* Resources */,
			);
			buildRules = (
			);
			dependencies = (
				A7B9103A22163E4C0073696B /* PBXTargetDependency */,
			);
			name = "Norris iOTests";
			productName = "Norris iOTests";
			productReference = A7B9103822163E4C0073696B /* Norris iOTests.xctest */;
			productType = "com.apple.product-type.bundle.unit-test";
		};
		A7B9104222163E4C0073696B /* Norris iOUITests */ = {
			isa = PBXNativeTarget;
			buildConfigurationList = A7B9105222163E4C0073696B /* Build configuration list for PBXNativeTarget "Norris iOUITests" */;
			buildPhases = (
				20214D5DC4EAFE8FDAB34D35 /* [CP] Check Pods Manifest.lock */,
				A7B9103F22163E4C0073696B /* Sources */,
				A7B9104022163E4C0073696B /* Frameworks */,
				A7B9104122163E4C0073696B /* Resources */,
			);
			buildRules = (
			);
			dependencies = (
				A7B9104522163E4C0073696B /* PBXTargetDependency */,
			);
			name = "Norris iOUITests";
			productName = "Norris iOUITests";
			productReference = A7B9104322163E4C0073696B /* Norris iOUITests.xctest */;
			productType = "com.apple.product-type.bundle.ui-testing";
		};
/* End PBXNativeTarget section */

/* Begin PBXProject section */
		A7B9101C22163E490073696B /* Project object */ = {
			isa = PBXProject;
			attributes = {
				LastSwiftUpdateCheck = 1020;
				LastUpgradeCheck = 1020;
				ORGANIZATIONNAME = "Leonardo de Matos";
				TargetAttributes = {
					A7B9102322163E490073696B = {
						CreatedOnToolsVersion = 10.2;
					};
					A7B9103722163E4C0073696B = {
						CreatedOnToolsVersion = 10.2;
						TestTargetID = A7B9102322163E490073696B;
					};
					A7B9104222163E4C0073696B = {
						CreatedOnToolsVersion = 10.2;
						TestTargetID = A7B9102322163E490073696B;
					};
				};
			};
			buildConfigurationList = A7B9101F22163E490073696B /* Build configuration list for PBXProject "Norris iO" */;
			compatibilityVersion = "Xcode 9.3";
			developmentRegion = en;
			hasScannedForEncodings = 0;
			knownRegions = (
				en,
				Base,
			);
			mainGroup = A7B9101B22163E490073696B;
			productRefGroup = A7B9102522163E4A0073696B /* Products */;
			projectDirPath = "";
			projectRoot = "";
			targets = (
				A7B9102322163E490073696B /* Norris iO */,
				A7B9103722163E4C0073696B /* Norris iOTests */,
				A7B9104222163E4C0073696B /* Norris iOUITests */,
			);
		};
/* End PBXProject section */

/* Begin PBXResourcesBuildPhase section */
		A7B9102222163E490073696B /* Resources */ = {
			isa = PBXResourcesBuildPhase;
			buildActionMask = 2147483647;
			files = (
				A781BB1E22166247004184DD /* CategoryTableViewCell.xib in Resources */,
				A7B9103222163E4C0073696B /* LaunchScreen.storyboard in Resources */,
				A7B9102F22163E4C0073696B /* Assets.xcassets in Resources */,
			);
			runOnlyForDeploymentPostprocessing = 0;
		};
		A7B9103622163E4C0073696B /* Resources */ = {
			isa = PBXResourcesBuildPhase;
			buildActionMask = 2147483647;
			files = (
			);
			runOnlyForDeploymentPostprocessing = 0;
		};
		A7B9104122163E4C0073696B /* Resources */ = {
			isa = PBXResourcesBuildPhase;
			buildActionMask = 2147483647;
			files = (
			);
			runOnlyForDeploymentPostprocessing = 0;
		};
/* End PBXResourcesBuildPhase section */

/* Begin PBXShellScriptBuildPhase section */
		20214D5DC4EAFE8FDAB34D35 /* [CP] Check Pods Manifest.lock */ = {
			isa = PBXShellScriptBuildPhase;
			buildActionMask = 2147483647;
			files = (
			);
			inputPaths = (
				"${PODS_PODFILE_DIR_PATH}/Podfile.lock",
				"${PODS_ROOT}/Manifest.lock",
			);
			name = "[CP] Check Pods Manifest.lock";
			outputPaths = (
				"$(DERIVED_FILE_DIR)/Pods-Norris iOUITests-checkManifestLockResult.txt",
			);
			runOnlyForDeploymentPostprocessing = 0;
			shellPath = /bin/sh;
			shellScript = "diff \"${PODS_PODFILE_DIR_PATH}/Podfile.lock\" \"${PODS_ROOT}/Manifest.lock\" > /dev/null\nif [ $? != 0 ] ; then\n    # print error to STDERR\n    echo \"error: The sandbox is not in sync with the Podfile.lock. Run 'pod install' or update your CocoaPods installation.\" >&2\n    exit 1\nfi\n# This output is used by Xcode 'outputs' to avoid re-running this script phase.\necho \"SUCCESS\" > \"${SCRIPT_OUTPUT_FILE_0}\"\n";
			showEnvVarsInLog = 0;
		};
		2F5260322591D59EA6DC9DB7 /* [CP] Embed Pods Frameworks */ = {
			isa = PBXShellScriptBuildPhase;
			buildActionMask = 2147483647;
			files = (
			);
			inputPaths = (
				"${SRCROOT}/Pods/Target Support Files/Pods-Norris iO/Pods-Norris iO-frameworks.sh",
				"${BUILT_PRODUCTS_DIR}/Alamofire/Alamofire.framework",
				"${BUILT_PRODUCTS_DIR}/Cartography/Cartography.framework",
				"${BUILT_PRODUCTS_DIR}/Kingfisher/Kingfisher.framework",
				"${BUILT_PRODUCTS_DIR}/ModelMapper/Mapper.framework",
				"${BUILT_PRODUCTS_DIR}/Moya/Moya.framework",
				"${BUILT_PRODUCTS_DIR}/Moya-ModelMapper/Moya_ModelMapper.framework",
				"${BUILT_PRODUCTS_DIR}/NVActivityIndicatorView/NVActivityIndicatorView.framework",
				"${BUILT_PRODUCTS_DIR}/Result/Result.framework",
				"${BUILT_PRODUCTS_DIR}/RxAtomic/RxAtomic.framework",
				"${BUILT_PRODUCTS_DIR}/RxCocoa/RxCocoa.framework",
				"${BUILT_PRODUCTS_DIR}/RxSwift/RxSwift.framework",
			);
			name = "[CP] Embed Pods Frameworks";
			outputPaths = (
				"${TARGET_BUILD_DIR}/${FRAMEWORKS_FOLDER_PATH}/Alamofire.framework",
				"${TARGET_BUILD_DIR}/${FRAMEWORKS_FOLDER_PATH}/Cartography.framework",
				"${TARGET_BUILD_DIR}/${FRAMEWORKS_FOLDER_PATH}/Kingfisher.framework",
				"${TARGET_BUILD_DIR}/${FRAMEWORKS_FOLDER_PATH}/Mapper.framework",
				"${TARGET_BUILD_DIR}/${FRAMEWORKS_FOLDER_PATH}/Moya.framework",
				"${TARGET_BUILD_DIR}/${FRAMEWORKS_FOLDER_PATH}/Moya_ModelMapper.framework",
				"${TARGET_BUILD_DIR}/${FRAMEWORKS_FOLDER_PATH}/NVActivityIndicatorView.framework",
				"${TARGET_BUILD_DIR}/${FRAMEWORKS_FOLDER_PATH}/Result.framework",
				"${TARGET_BUILD_DIR}/${FRAMEWORKS_FOLDER_PATH}/RxAtomic.framework",
				"${TARGET_BUILD_DIR}/${FRAMEWORKS_FOLDER_PATH}/RxCocoa.framework",
				"${TARGET_BUILD_DIR}/${FRAMEWORKS_FOLDER_PATH}/RxSwift.framework",
			);
			runOnlyForDeploymentPostprocessing = 0;
			shellPath = /bin/sh;
			shellScript = "\"${SRCROOT}/Pods/Target Support Files/Pods-Norris iO/Pods-Norris iO-frameworks.sh\"\n";
			showEnvVarsInLog = 0;
		};
		314CD7C98485611B23B5CF86 /* [CP] Check Pods Manifest.lock */ = {
			isa = PBXShellScriptBuildPhase;
			buildActionMask = 2147483647;
			files = (
			);
			inputPaths = (
				"${PODS_PODFILE_DIR_PATH}/Podfile.lock",
				"${PODS_ROOT}/Manifest.lock",
			);
			name = "[CP] Check Pods Manifest.lock";
			outputPaths = (
				"$(DERIVED_FILE_DIR)/Pods-Norris iO-checkManifestLockResult.txt",
			);
			runOnlyForDeploymentPostprocessing = 0;
			shellPath = /bin/sh;
			shellScript = "diff \"${PODS_PODFILE_DIR_PATH}/Podfile.lock\" \"${PODS_ROOT}/Manifest.lock\" > /dev/null\nif [ $? != 0 ] ; then\n    # print error to STDERR\n    echo \"error: The sandbox is not in sync with the Podfile.lock. Run 'pod install' or update your CocoaPods installation.\" >&2\n    exit 1\nfi\n# This output is used by Xcode 'outputs' to avoid re-running this script phase.\necho \"SUCCESS\" > \"${SCRIPT_OUTPUT_FILE_0}\"\n";
			showEnvVarsInLog = 0;
		};
		7F2C6D51D39CEA805092F8AD /* [CP] Check Pods Manifest.lock */ = {
			isa = PBXShellScriptBuildPhase;
			buildActionMask = 2147483647;
			files = (
			);
			inputPaths = (
				"${PODS_PODFILE_DIR_PATH}/Podfile.lock",
				"${PODS_ROOT}/Manifest.lock",
			);
			name = "[CP] Check Pods Manifest.lock";
			outputPaths = (
				"$(DERIVED_FILE_DIR)/Pods-Norris iOTests-checkManifestLockResult.txt",
			);
			runOnlyForDeploymentPostprocessing = 0;
			shellPath = /bin/sh;
			shellScript = "diff \"${PODS_PODFILE_DIR_PATH}/Podfile.lock\" \"${PODS_ROOT}/Manifest.lock\" > /dev/null\nif [ $? != 0 ] ; then\n    # print error to STDERR\n    echo \"error: The sandbox is not in sync with the Podfile.lock. Run 'pod install' or update your CocoaPods installation.\" >&2\n    exit 1\nfi\n# This output is used by Xcode 'outputs' to avoid re-running this script phase.\necho \"SUCCESS\" > \"${SCRIPT_OUTPUT_FILE_0}\"\n";
			showEnvVarsInLog = 0;
		};
/* End PBXShellScriptBuildPhase section */

/* Begin PBXSourcesBuildPhase section */
		A7B9102022163E490073696B /* Sources */ = {
			isa = PBXSourcesBuildPhase;
			buildActionMask = 2147483647;
			files = (
				A747C79E221A0F530060FE73 /* JokeForCategoryViewController.swift in Sources */,
				A747C7952219BDCD0060FE73 /* Joke.swift in Sources */,
				A781BB182216525B004184DD /* ChuckNorrisAPI.swift in Sources */,
				A7D7C2AF221C2C48001D6F3D /* JokeForCategoryViewModel.swift in Sources */,
				A7B91059221640CB0073696B /* Coordinator.swift in Sources */,
				A7D7C2B1221C6838001D6F3D /* UIImageView+NetworkLoading.swift in Sources */,
				A781BB2122166321004184DD /* UITableView+Register.swift in Sources */,
				A7449EA62222FB6B00924655 /* UIColor+Extension.swift in Sources */,
				A747C7912219B7E80060FE73 /* JokesDataManager.swift in Sources */,
				A7B9102A22163E4A0073696B /* CategoryListViewController.swift in Sources */,
				A747C7982219C1390060FE73 /* Result.swift in Sources */,
				A747C79A221A02080060FE73 /* BaseViewModel.swift in Sources */,
				A7B9102822163E4A0073696B /* AppDelegate.swift in Sources */,
				A7B91057221640B70073696B /* ApplicationCoordinator.swift in Sources */,
				A781BB1D22166247004184DD /* CategoryTableViewCell.swift in Sources */,
				A747C7932219B7FF0060FE73 /* BaseDataManager.swift in Sources */,
				A747C78D2219B61B0060FE73 /* CategoryListViewModel.swift in Sources */,
				A747C79C221A0A4F0060FE73 /* Category.swift in Sources */,
			);
			runOnlyForDeploymentPostprocessing = 0;
		};
		A7B9103422163E4C0073696B /* Sources */ = {
			isa = PBXSourcesBuildPhase;
			buildActionMask = 2147483647;
			files = (
				A7B9103D22163E4C0073696B /* Norris_iOTests.swift in Sources */,
			);
			runOnlyForDeploymentPostprocessing = 0;
		};
		A7B9103F22163E4C0073696B /* Sources */ = {
			isa = PBXSourcesBuildPhase;
			buildActionMask = 2147483647;
			files = (
				A7B9104822163E4C0073696B /* Norris_iOUITests.swift in Sources */,
			);
			runOnlyForDeploymentPostprocessing = 0;
		};
/* End PBXSourcesBuildPhase section */

/* Begin PBXTargetDependency section */
		A7B9103A22163E4C0073696B /* PBXTargetDependency */ = {
			isa = PBXTargetDependency;
			target = A7B9102322163E490073696B /* Norris iO */;
			targetProxy = A7B9103922163E4C0073696B /* PBXContainerItemProxy */;
		};
		A7B9104522163E4C0073696B /* PBXTargetDependency */ = {
			isa = PBXTargetDependency;
			target = A7B9102322163E490073696B /* Norris iO */;
			targetProxy = A7B9104422163E4C0073696B /* PBXContainerItemProxy */;
		};
/* End PBXTargetDependency section */

/* Begin PBXVariantGroup section */
		A7B9103022163E4C0073696B /* LaunchScreen.storyboard */ = {
			isa = PBXVariantGroup;
			children = (
				A7B9103122163E4C0073696B /* Base */,
			);
			name = LaunchScreen.storyboard;
			sourceTree = "<group>";
		};
/* End PBXVariantGroup section */

/* Begin XCBuildConfiguration section */
		A7B9104A22163E4C0073696B /* Debug */ = {
			isa = XCBuildConfiguration;
			buildSettings = {
				ALWAYS_SEARCH_USER_PATHS = NO;
				CLANG_ANALYZER_NONNULL = YES;
				CLANG_ANALYZER_NUMBER_OBJECT_CONVERSION = YES_AGGRESSIVE;
				CLANG_CXX_LANGUAGE_STANDARD = "gnu++14";
				CLANG_CXX_LIBRARY = "libc++";
				CLANG_ENABLE_MODULES = YES;
				CLANG_ENABLE_OBJC_ARC = YES;
				CLANG_ENABLE_OBJC_WEAK = YES;
				CLANG_WARN_BLOCK_CAPTURE_AUTORELEASING = YES;
				CLANG_WARN_BOOL_CONVERSION = YES;
				CLANG_WARN_COMMA = YES;
				CLANG_WARN_CONSTANT_CONVERSION = YES;
				CLANG_WARN_DEPRECATED_OBJC_IMPLEMENTATIONS = YES;
				CLANG_WARN_DIRECT_OBJC_ISA_USAGE = YES_ERROR;
				CLANG_WARN_DOCUMENTATION_COMMENTS = YES;
				CLANG_WARN_EMPTY_BODY = YES;
				CLANG_WARN_ENUM_CONVERSION = YES;
				CLANG_WARN_INFINITE_RECURSION = YES;
				CLANG_WARN_INT_CONVERSION = YES;
				CLANG_WARN_NON_LITERAL_NULL_CONVERSION = YES;
				CLANG_WARN_OBJC_IMPLICIT_RETAIN_SELF = YES;
				CLANG_WARN_OBJC_LITERAL_CONVERSION = YES;
				CLANG_WARN_OBJC_ROOT_CLASS = YES_ERROR;
				CLANG_WARN_RANGE_LOOP_ANALYSIS = YES;
				CLANG_WARN_STRICT_PROTOTYPES = YES;
				CLANG_WARN_SUSPICIOUS_MOVE = YES;
				CLANG_WARN_UNGUARDED_AVAILABILITY = YES_AGGRESSIVE;
				CLANG_WARN_UNREACHABLE_CODE = YES;
				CLANG_WARN__DUPLICATE_METHOD_MATCH = YES;
				CODE_SIGN_IDENTITY = "iPhone Developer";
				COPY_PHASE_STRIP = NO;
				DEBUG_INFORMATION_FORMAT = dwarf;
				ENABLE_STRICT_OBJC_MSGSEND = YES;
				ENABLE_TESTABILITY = YES;
				GCC_C_LANGUAGE_STANDARD = gnu11;
				GCC_DYNAMIC_NO_PIC = NO;
				GCC_NO_COMMON_BLOCKS = YES;
				GCC_OPTIMIZATION_LEVEL = 0;
				GCC_PREPROCESSOR_DEFINITIONS = (
					"DEBUG=1",
					"$(inherited)",
				);
				GCC_WARN_64_TO_32_BIT_CONVERSION = YES;
				GCC_WARN_ABOUT_RETURN_TYPE = YES_ERROR;
				GCC_WARN_UNDECLARED_SELECTOR = YES;
				GCC_WARN_UNINITIALIZED_AUTOS = YES_AGGRESSIVE;
				GCC_WARN_UNUSED_FUNCTION = YES;
				GCC_WARN_UNUSED_VARIABLE = YES;
				IPHONEOS_DEPLOYMENT_TARGET = 12.2;
				MTL_ENABLE_DEBUG_INFO = INCLUDE_SOURCE;
				MTL_FAST_MATH = YES;
				ONLY_ACTIVE_ARCH = YES;
				SDKROOT = iphoneos;
				SWIFT_ACTIVE_COMPILATION_CONDITIONS = DEBUG;
				SWIFT_OPTIMIZATION_LEVEL = "-Onone";
			};
			name = Debug;
		};
		A7B9104B22163E4C0073696B /* Release */ = {
			isa = XCBuildConfiguration;
			buildSettings = {
				ALWAYS_SEARCH_USER_PATHS = NO;
				CLANG_ANALYZER_NONNULL = YES;
				CLANG_ANALYZER_NUMBER_OBJECT_CONVERSION = YES_AGGRESSIVE;
				CLANG_CXX_LANGUAGE_STANDARD = "gnu++14";
				CLANG_CXX_LIBRARY = "libc++";
				CLANG_ENABLE_MODULES = YES;
				CLANG_ENABLE_OBJC_ARC = YES;
				CLANG_ENABLE_OBJC_WEAK = YES;
				CLANG_WARN_BLOCK_CAPTURE_AUTORELEASING = YES;
				CLANG_WARN_BOOL_CONVERSION = YES;
				CLANG_WARN_COMMA = YES;
				CLANG_WARN_CONSTANT_CONVERSION = YES;
				CLANG_WARN_DEPRECATED_OBJC_IMPLEMENTATIONS = YES;
				CLANG_WARN_DIRECT_OBJC_ISA_USAGE = YES_ERROR;
				CLANG_WARN_DOCUMENTATION_COMMENTS = YES;
				CLANG_WARN_EMPTY_BODY = YES;
				CLANG_WARN_ENUM_CONVERSION = YES;
				CLANG_WARN_INFINITE_RECURSION = YES;
				CLANG_WARN_INT_CONVERSION = YES;
				CLANG_WARN_NON_LITERAL_NULL_CONVERSION = YES;
				CLANG_WARN_OBJC_IMPLICIT_RETAIN_SELF = YES;
				CLANG_WARN_OBJC_LITERAL_CONVERSION = YES;
				CLANG_WARN_OBJC_ROOT_CLASS = YES_ERROR;
				CLANG_WARN_RANGE_LOOP_ANALYSIS = YES;
				CLANG_WARN_STRICT_PROTOTYPES = YES;
				CLANG_WARN_SUSPICIOUS_MOVE = YES;
				CLANG_WARN_UNGUARDED_AVAILABILITY = YES_AGGRESSIVE;
				CLANG_WARN_UNREACHABLE_CODE = YES;
				CLANG_WARN__DUPLICATE_METHOD_MATCH = YES;
				CODE_SIGN_IDENTITY = "iPhone Developer";
				COPY_PHASE_STRIP = NO;
				DEBUG_INFORMATION_FORMAT = "dwarf-with-dsym";
				ENABLE_NS_ASSERTIONS = NO;
				ENABLE_STRICT_OBJC_MSGSEND = YES;
				GCC_C_LANGUAGE_STANDARD = gnu11;
				GCC_NO_COMMON_BLOCKS = YES;
				GCC_WARN_64_TO_32_BIT_CONVERSION = YES;
				GCC_WARN_ABOUT_RETURN_TYPE = YES_ERROR;
				GCC_WARN_UNDECLARED_SELECTOR = YES;
				GCC_WARN_UNINITIALIZED_AUTOS = YES_AGGRESSIVE;
				GCC_WARN_UNUSED_FUNCTION = YES;
				GCC_WARN_UNUSED_VARIABLE = YES;
				IPHONEOS_DEPLOYMENT_TARGET = 12.2;
				MTL_ENABLE_DEBUG_INFO = NO;
				MTL_FAST_MATH = YES;
				SDKROOT = iphoneos;
				SWIFT_COMPILATION_MODE = wholemodule;
				SWIFT_OPTIMIZATION_LEVEL = "-O";
				VALIDATE_PRODUCT = YES;
			};
			name = Release;
		};
		A7B9104D22163E4C0073696B /* Debug */ = {
			isa = XCBuildConfiguration;
			baseConfigurationReference = B988D46C6C3482BCE42CA383 /* Pods-Norris iO.debug.xcconfig */;
			buildSettings = {
				ASSETCATALOG_COMPILER_APPICON_NAME = AppIcon;
				CODE_SIGN_STYLE = Automatic;
				DEVELOPMENT_TEAM = 67U26DS86X;
				INFOPLIST_FILE = "Norris iO/Info.plist";
				IPHONEOS_DEPLOYMENT_TARGET = 9.0;
				LD_RUNPATH_SEARCH_PATHS = (
					"$(inherited)",
					"@executable_path/Frameworks",
				);
				PRODUCT_BUNDLE_IDENTIFIER = "br.com.leonardo.Norris-iO";
				PRODUCT_NAME = "$(TARGET_NAME)";
				SWIFT_VERSION = 4.2;
				TARGETED_DEVICE_FAMILY = "1,2";
			};
			name = Debug;
		};
		A7B9104E22163E4C0073696B /* Release */ = {
			isa = XCBuildConfiguration;
			baseConfigurationReference = E89B6A4DDD5E9D67EB957829 /* Pods-Norris iO.release.xcconfig */;
			buildSettings = {
				ASSETCATALOG_COMPILER_APPICON_NAME = AppIcon;
				CODE_SIGN_STYLE = Automatic;
				DEVELOPMENT_TEAM = 67U26DS86X;
				INFOPLIST_FILE = "Norris iO/Info.plist";
				IPHONEOS_DEPLOYMENT_TARGET = 9.0;
				LD_RUNPATH_SEARCH_PATHS = (
					"$(inherited)",
					"@executable_path/Frameworks",
				);
				PRODUCT_BUNDLE_IDENTIFIER = "br.com.leonardo.Norris-iO";
				PRODUCT_NAME = "$(TARGET_NAME)";
				SWIFT_VERSION = 4.2;
				TARGETED_DEVICE_FAMILY = "1,2";
			};
			name = Release;
		};
		A7B9105022163E4C0073696B /* Debug */ = {
			isa = XCBuildConfiguration;
			baseConfigurationReference = 05891D79D5A192E9BE594D59 /* Pods-Norris iOTests.debug.xcconfig */;
			buildSettings = {
				ALWAYS_EMBED_SWIFT_STANDARD_LIBRARIES = YES;
				BUNDLE_LOADER = "$(TEST_HOST)";
				CODE_SIGN_STYLE = Automatic;
				DEVELOPMENT_TEAM = 67U26DS86X;
				INFOPLIST_FILE = "Norris iOTests/Info.plist";
				LD_RUNPATH_SEARCH_PATHS = (
					"$(inherited)",
					"@executable_path/Frameworks",
					"@loader_path/Frameworks",
				);
				PRODUCT_BUNDLE_IDENTIFIER = "br.com.leonardo.Norris-iOTests";
				PRODUCT_NAME = "$(TARGET_NAME)";
				SWIFT_VERSION = 5.0;
				TARGETED_DEVICE_FAMILY = "1,2";
				TEST_HOST = "$(BUILT_PRODUCTS_DIR)/Norris iO.app/Norris iO";
			};
			name = Debug;
		};
		A7B9105122163E4C0073696B /* Release */ = {
			isa = XCBuildConfiguration;
			baseConfigurationReference = 310846770CFB503D55B6D67C /* Pods-Norris iOTests.release.xcconfig */;
			buildSettings = {
				ALWAYS_EMBED_SWIFT_STANDARD_LIBRARIES = YES;
				BUNDLE_LOADER = "$(TEST_HOST)";
				CODE_SIGN_STYLE = Automatic;
				DEVELOPMENT_TEAM = 67U26DS86X;
				INFOPLIST_FILE = "Norris iOTests/Info.plist";
				LD_RUNPATH_SEARCH_PATHS = (
					"$(inherited)",
					"@executable_path/Frameworks",
					"@loader_path/Frameworks",
				);
				PRODUCT_BUNDLE_IDENTIFIER = "br.com.leonardo.Norris-iOTests";
				PRODUCT_NAME = "$(TARGET_NAME)";
				SWIFT_VERSION = 5.0;
				TARGETED_DEVICE_FAMILY = "1,2";
				TEST_HOST = "$(BUILT_PRODUCTS_DIR)/Norris iO.app/Norris iO";
			};
			name = Release;
		};
		A7B9105322163E4C0073696B /* Debug */ = {
			isa = XCBuildConfiguration;
			baseConfigurationReference = EE693372D3FEA8F9530EEC73 /* Pods-Norris iOUITests.debug.xcconfig */;
			buildSettings = {
				ALWAYS_EMBED_SWIFT_STANDARD_LIBRARIES = YES;
				CODE_SIGN_STYLE = Automatic;
				DEVELOPMENT_TEAM = 67U26DS86X;
				INFOPLIST_FILE = "Norris iOUITests/Info.plist";
				LD_RUNPATH_SEARCH_PATHS = (
					"$(inherited)",
					"@executable_path/Frameworks",
					"@loader_path/Frameworks",
				);
				PRODUCT_BUNDLE_IDENTIFIER = "br.com.leonardo.Norris-iOUITests";
				PRODUCT_NAME = "$(TARGET_NAME)";
				SWIFT_VERSION = 5.0;
				TARGETED_DEVICE_FAMILY = "1,2";
				TEST_TARGET_NAME = "Norris iO";
			};
			name = Debug;
		};
		A7B9105422163E4C0073696B /* Release */ = {
			isa = XCBuildConfiguration;
			baseConfigurationReference = F8CBFFC19DFB73C472A923BD /* Pods-Norris iOUITests.release.xcconfig */;
			buildSettings = {
				ALWAYS_EMBED_SWIFT_STANDARD_LIBRARIES = YES;
				CODE_SIGN_STYLE = Automatic;
				DEVELOPMENT_TEAM = 67U26DS86X;
				INFOPLIST_FILE = "Norris iOUITests/Info.plist";
				LD_RUNPATH_SEARCH_PATHS = (
					"$(inherited)",
					"@executable_path/Frameworks",
					"@loader_path/Frameworks",
				);
				PRODUCT_BUNDLE_IDENTIFIER = "br.com.leonardo.Norris-iOUITests";
				PRODUCT_NAME = "$(TARGET_NAME)";
				SWIFT_VERSION = 5.0;
				TARGETED_DEVICE_FAMILY = "1,2";
				TEST_TARGET_NAME = "Norris iO";
			};
			name = Release;
		};
/* End XCBuildConfiguration section */

/* Begin XCConfigurationList section */
		A7B9101F22163E490073696B /* Build configuration list for PBXProject "Norris iO" */ = {
			isa = XCConfigurationList;
			buildConfigurations = (
				A7B9104A22163E4C0073696B /* Debug */,
				A7B9104B22163E4C0073696B /* Release */,
			);
			defaultConfigurationIsVisible = 0;
			defaultConfigurationName = Release;
		};
		A7B9104C22163E4C0073696B /* Build configuration list for PBXNativeTarget "Norris iO" */ = {
			isa = XCConfigurationList;
			buildConfigurations = (
				A7B9104D22163E4C0073696B /* Debug */,
				A7B9104E22163E4C0073696B /* Release */,
			);
			defaultConfigurationIsVisible = 0;
			defaultConfigurationName = Release;
		};
		A7B9104F22163E4C0073696B /* Build configuration list for PBXNativeTarget "Norris iOTests" */ = {
			isa = XCConfigurationList;
			buildConfigurations = (
				A7B9105022163E4C0073696B /* Debug */,
				A7B9105122163E4C0073696B /* Release */,
			);
			defaultConfigurationIsVisible = 0;
			defaultConfigurationName = Release;
		};
		A7B9105222163E4C0073696B /* Build configuration list for PBXNativeTarget "Norris iOUITests" */ = {
			isa = XCConfigurationList;
			buildConfigurations = (
				A7B9105322163E4C0073696B /* Debug */,
				A7B9105422163E4C0073696B /* Release */,
			);
			defaultConfigurationIsVisible = 0;
			defaultConfigurationName = Release;
		};
/* End XCConfigurationList section */
	};
	rootObject = A7B9101C22163E490073696B /* Project object */;
}
